[[package]]
name = "attrs"
version = "22.1.0"
description = "Classes Without Boilerplate"
category = "dev"
optional = false
python-versions = ">=3.5"

[package.extras]
dev = ["cloudpickle", "coverage[toml] (>=5.0.2)", "furo", "hypothesis", "mypy (>=0.900,!=0.940)", "pre-commit", "pympler", "pytest (>=4.3.0)", "pytest-mypy-plugins", "sphinx", "sphinx-notfound-page", "zope.interface"]
docs = ["furo", "sphinx", "sphinx-notfound-page", "zope.interface"]
tests = ["cloudpickle", "coverage[toml] (>=5.0.2)", "hypothesis", "mypy (>=0.900,!=0.940)", "pympler", "pytest (>=4.3.0)", "pytest-mypy-plugins", "zope.interface"]
tests_no_zope = ["cloudpickle", "coverage[toml] (>=5.0.2)", "hypothesis", "mypy (>=0.900,!=0.940)", "pympler", "pytest (>=4.3.0)", "pytest-mypy-plugins"]

[[package]]
name = "aws-cdk.aws-apigatewayv2-alpha"
version = "2.42.0a0"
description = "The CDK Construct Library for AWS::APIGatewayv2"
category = "dev"
optional = false
python-versions = "~=3.7"

[package.dependencies]
aws-cdk-lib = ">=2.42.0,<3.0.0"
constructs = ">=10.0.0,<11.0.0"
jsii = ">=1.67.0,<2.0.0"
publication = ">=0.0.3"
typeguard = ">=2.13.3,<2.14.0"

[[package]]
name = "aws-cdk.aws-apigatewayv2-integrations-alpha"
version = "2.42.0a0"
description = "Integrations for AWS APIGateway V2"
category = "dev"
optional = false
python-versions = "~=3.7"

[package.dependencies]
"aws-cdk.aws-apigatewayv2-alpha" = "2.42.0.a0"
aws-cdk-lib = ">=2.42.0,<3.0.0"
constructs = ">=10.0.0,<11.0.0"
jsii = ">=1.67.0,<2.0.0"
publication = ">=0.0.3"
typeguard = ">=2.13.3,<2.14.0"

[[package]]
name = "aws-cdk-lib"
version = "2.42.0"
description = "Version 2 of the AWS Cloud Development Kit library"
category = "dev"
optional = false
python-versions = "~=3.7"

[package.dependencies]
constructs = ">=10.0.0,<11.0.0"
jsii = ">=1.67.0,<2.0.0"
publication = ">=0.0.3"
typeguard = ">=2.13.3,<2.14.0"

[[package]]
name = "cattrs"
version = "22.1.0"
description = "Composable complex class support for attrs and dataclasses."
category = "dev"
optional = false
python-versions = ">=3.7,<4.0"

[package.dependencies]
attrs = ">=20"
exceptiongroup = {version = "*", markers = "python_version <= \"3.10\""}

[[package]]
name = "constructs"
version = "10.1.106"
description = "A programming model for software-defined state"
category = "dev"
optional = false
python-versions = "~=3.7"

[package.dependencies]
jsii = ">=1.67.0,<2.0.0"
publication = ">=0.0.3"
typeguard = ">=2.13.3,<2.14.0"

[[package]]
name = "exceptiongroup"
version = "1.0.0rc9"
description = "Backport of PEP 654 (exception groups)"
category = "main"
optional = false
python-versions = ">=3.7"

[package.extras]
test = ["pytest (>=6)"]

[[package]]
name = "jsii"
version = "1.67.0"
description = "Python client for jsii runtime"
category = "dev"
optional = false
python-versions = "~=3.7"

[package.dependencies]
attrs = ">=21.2,<23.0"
cattrs = ">=1.8,<22.2"
publication = ">=0.0.3"
python-dateutil = "*"
typeguard = ">=2.13.3,<2.14.0"
typing-extensions = ">=3.7,<5.0"

[[package]]
name = "publication"
version = "0.0.3"
description = "Publication helps you maintain public-api-friendly modules by preventing unintentional access to private implementation details via introspection."
category = "dev"
optional = false
python-versions = "*"

[[package]]
name = "python-dateutil"
version = "2.8.2"
description = "Extensions to the standard Python datetime module"
category = "dev"
optional = false
python-versions = "!=3.0.*,!=3.1.*,!=3.2.*,>=2.7"

[package.dependencies]
six = ">=1.5"

[[package]]
name = "six"
version = "1.16.0"
description = "Python 2 and 3 compatibility utilities"
category = "dev"
optional = false
python-versions = ">=2.7, !=3.0.*, !=3.1.*, !=3.2.*"

[[package]]
name = "typeguard"
version = "2.13.3"
description = "Run-time type checker for Python"
category = "dev"
optional = false
python-versions = ">=3.5.3"

[package.extras]
doc = ["sphinx-autodoc-typehints (>=1.2.0)", "sphinx-rtd-theme"]
test = ["mypy", "pytest", "typing-extensions"]

[[package]]
name = "typing-extensions"
version = "4.3.0"
description = "Backported and Experimental Type Hints for Python 3.7+"
category = "dev"
optional = false
python-versions = ">=3.7"

[metadata]
lock-version = "1.1"
python-versions = "^3.10"
content-hash = "bc77da1a65fc094ec9ad8b6a1dc48d63811ef94921a39a9ac7fab7fa9d8cbc2f"

[metadata.files]
attrs = [
    {file = "attrs-22.1.0-py2.py3-none-any.whl", hash = "sha256:86efa402f67bf2df34f51a335487cf46b1ec130d02b8d39fd248abfd30da551c"},
    {file = "attrs-22.1.0.tar.gz", hash = "sha256:29adc2665447e5191d0e7c568fde78b21f9672d344281d0c6e1ab085429b22b6"},
]
"aws-cdk.aws-apigatewayv2-alpha" = [
    {file = "aws-cdk.aws-apigatewayv2-alpha-2.42.0a0.tar.gz", hash = "sha256:1b751bb32f2e53c1bce0da18edf870301aaf40de335ac84712a95b0c553ba20f"},
    {file = "aws_cdk.aws_apigatewayv2_alpha-2.42.0a0-py3-none-any.whl", hash = "sha256:70784cd22922e10286ff5da5fb62ff24d3ba05da36984dea562bca32731cb9ef"},
]
"aws-cdk.aws-apigatewayv2-integrations-alpha" = [
    {file = "aws-cdk.aws-apigatewayv2-integrations-alpha-2.42.0a0.tar.gz", hash = "sha256:4949d3f0d7107b9f163df2b4922712421d8f213eb60e2b4b36b7738463ad4e33"},
    {file = "aws_cdk.aws_apigatewayv2_integrations_alpha-2.42.0a0-py3-none-any.whl", hash = "sha256:3b763cec25d7113def9f53c5cc95087149feaa48a587fb2de74d67651c62b55c"},
]
aws-cdk-lib = [
    {file = "aws-cdk-lib-2.42.0.tar.gz", hash = "sha256:13c2e08e33bef48123d08ccb63cdace7b707ef89a5bb8c806954b0b1210236c9"},
    {file = "aws_cdk_lib-2.42.0-py3-none-any.whl", hash = "sha256:237e2bf522455ccb768200de1525fb2491d277868de93f97fe4f2c1598b3895d"},
]
cattrs = [
    {file = "cattrs-22.1.0-py3-none-any.whl", hash = "sha256:d55c477b4672f93606e992049f15d526dc7867e6c756cd6256d4af92e2b1e364"},
    {file = "cattrs-22.1.0.tar.gz", hash = "sha256:94b67b64cf92c994f8784c40c082177dc916e0489a73a9a36b24eb18a9db40c6"},
]
constructs = [
    {file = "constructs-10.1.106-py3-none-any.whl", hash = "sha256:18e99ebbee0c1ce95ed23bafe88d2bb4733ea1a17665af6a780ccee91ca19767"},
    {file = "constructs-10.1.106.tar.gz", hash = "sha256:728ccb860a1c0b6e28babd39a6b9e56c2ce521209541e620de9712d7248ab59b"},
]
exceptiongroup = [
    {file = "exceptiongroup-1.0.0rc9-py3-none-any.whl", hash = "sha256:2e3c3fc1538a094aab74fad52d6c33fc94de3dfee3ee01f187c0e0c72aec5337"},
    {file = "exceptiongroup-1.0.0rc9.tar.gz", hash = "sha256:9086a4a21ef9b31c72181c77c040a074ba0889ee56a7b289ff0afb0d97655f96"},
]
jsii = [
    {file = "jsii-1.67.0-py3-none-any.whl", hash = "sha256:a4868f8ae05ff62fef328dd197d5834c0f3c291948a1768ad931f1fc05935cb2"},
    {file = "jsii-1.67.0.tar.gz", hash = "sha256:ca16eb9c15377b77d10942439b089a10eb9657bffc63559c7a08bb7141cacc0c"},
]
publication = [
    {file = "publication-0.0.3-py2.py3-none-any.whl", hash = "sha256:0248885351febc11d8a1098d5c8e3ab2dabcf3e8c0c96db1e17ecd12b53afbe6"},
    {file = "publication-0.0.3.tar.gz", hash = "sha256:68416a0de76dddcdd2930d1c8ef853a743cc96c82416c4e4d3b5d901c6276dc4"},
]
python-dateutil = [
    {file = "python-dateutil-2.8.2.tar.gz", hash = "sha256:0123cacc1627ae19ddf3c27a5de5bd67ee4586fbdd6440d9748f8abb483d3e86"},
    {file = "python_dateutil-2.8.2-py2.py3-none-any.whl", hash = "sha256:961d03dc3453ebbc59dbdea9e4e11c5651520a876d0f4db161e8674aae935da9"},
]
six = [
    {file = "six-1.16.0-py2.py3-none-any.whl", hash = "sha256:8abb2f1d86890a2dfb989f9a77cfcfd3e47c2a354b01111771326f8aa26e0254"},
    {file = "six-1.16.0.tar.gz", hash = "sha256:1e61c37477a1626458e36f7b1d82aa5c9b094fa4802892072e49de9c60c4c926"},
]
typeguard = [
    {file = "typeguard-2.13.3-py3-none-any.whl", hash = "sha256:5e3e3be01e887e7eafae5af63d1f36c849aaa94e3a0112097312aabfa16284f1"},
    {file = "typeguard-2.13.3.tar.gz", hash = "sha256:00edaa8da3a133674796cf5ea87d9f4b4c367d77476e185e80251cc13dfbb8c4"},
]
typing-extensions = [
    {file = "typing_extensions-4.3.0-py3-none-any.whl", hash = "sha256:25642c956049920a5aa49edcdd6ab1e06d7e5d467fc00e0506c44ac86fbfca02"},
    {file = "typing_extensions-4.3.0.tar.gz", hash = "sha256:e6d2677a32f47fc7eb2795db1dd15c1f34eff616bcaf2cfb5e997f854fa1c4a6"},
]
